// !$*UTF8*$!
{
	archiveVersion = 1;
	classes = {
	};
	objectVersion = 50;
	objects = {

/* Begin PBXBuildFile section */
		A9202A682500CCA600477B14 /* AppDelegate.swift in Sources */ = {isa = PBXBuildFile; fileRef = A9202A672500CCA600477B14 /* AppDelegate.swift */; };
		A9202A6A2500CCA600477B14 /* SceneDelegate.swift in Sources */ = {isa = PBXBuildFile; fileRef = A9202A692500CCA600477B14 /* SceneDelegate.swift */; };
		A9202A6C2500CCA600477B14 /* MainViewController.swift in Sources */ = {isa = PBXBuildFile; fileRef = A9202A6B2500CCA600477B14 /* MainViewController.swift */; };
		A9202A722500CCA600477B14 /* UnsplashServerRos.xcdatamodeld in Sources */ = {isa = PBXBuildFile; fileRef = A9202A702500CCA600477B14 /* UnsplashServerRos.xcdatamodeld */; };
		A9202A742500CCA700477B14 /* Assets.xcassets in Resources */ = {isa = PBXBuildFile; fileRef = A9202A732500CCA700477B14 /* Assets.xcassets */; };
		A9202A772500CCA700477B14 /* LaunchScreen.storyboard in Resources */ = {isa = PBXBuildFile; fileRef = A9202A752500CCA700477B14 /* LaunchScreen.storyboard */; };
		A9202A802500CD9600477B14 /* AppCoordinator.swift in Sources */ = {isa = PBXBuildFile; fileRef = A9202A7F2500CD9600477B14 /* AppCoordinator.swift */; };
		A9202A832500CDCF00477B14 /* BaseCoordinator.swift in Sources */ = {isa = PBXBuildFile; fileRef = A9202A822500CDCF00477B14 /* BaseCoordinator.swift */; };
		A9202A892500CF7F00477B14 /* MainView.swift in Sources */ = {isa = PBXBuildFile; fileRef = A9202A882500CF7F00477B14 /* MainView.swift */; };
		A9202A8B2500CFF300477B14 /* MainCoordinator.swift in Sources */ = {isa = PBXBuildFile; fileRef = A9202A8A2500CFF300477B14 /* MainCoordinator.swift */; };
		A9202A8D2500D01200477B14 /* MainPresenter.swift in Sources */ = {isa = PBXBuildFile; fileRef = A9202A8C2500D01200477B14 /* MainPresenter.swift */; };
		A9202A972500DEF600477B14 /* Picture.swift in Sources */ = {isa = PBXBuildFile; fileRef = A9202A962500DEF600477B14 /* Picture.swift */; };
		A9202A992500E03300477B14 /* MainCollectionViewCell.swift in Sources */ = {isa = PBXBuildFile; fileRef = A9202A982500E03300477B14 /* MainCollectionViewCell.swift */; };
		A9202A9C2500E04F00477B14 /* MainCollectionViewCell.xib in Resources */ = {isa = PBXBuildFile; fileRef = A9202A9B2500E04F00477B14 /* MainCollectionViewCell.xib */; };
		A9202AA525010D7C00477B14 /* UnsplashServer.swift in Sources */ = {isa = PBXBuildFile; fileRef = A9202AA425010D7C00477B14 /* UnsplashServer.swift */; };
		A9202AAB250223FE00477B14 /* LocalViewController.swift in Sources */ = {isa = PBXBuildFile; fileRef = A9202AAA250223FE00477B14 /* LocalViewController.swift */; };
		A9202AAD2502240900477B14 /* LocalView.swift in Sources */ = {isa = PBXBuildFile; fileRef = A9202AAC2502240900477B14 /* LocalView.swift */; };
		A9202AAF2502241C00477B14 /* LocalCoordinator.swift in Sources */ = {isa = PBXBuildFile; fileRef = A9202AAE2502241C00477B14 /* LocalCoordinator.swift */; };
		A9202AB12502242900477B14 /* LocalPresenter.swift in Sources */ = {isa = PBXBuildFile; fileRef = A9202AB02502242900477B14 /* LocalPresenter.swift */; };
		A9202AB725023ED600477B14 /* UIColor + customColor.swift in Sources */ = {isa = PBXBuildFile; fileRef = A9202AB625023ED600477B14 /* UIColor + customColor.swift */; };
		A9202AB92502474100477B14 /* DataProvider.swift in Sources */ = {isa = PBXBuildFile; fileRef = A9202AB82502474100477B14 /* DataProvider.swift */; };
		A943AFB92504D3EF00BCBED1 /* LocalColletionViewCell.swift in Sources */ = {isa = PBXBuildFile; fileRef = A943AFB82504D3EF00BCBED1 /* LocalColletionViewCell.swift */; };
		A943AFBB2504D3FD00BCBED1 /* LocalCollectionViewCell.xib in Resources */ = {isa = PBXBuildFile; fileRef = A943AFBA2504D3FD00BCBED1 /* LocalCollectionViewCell.xib */; };
		A9EAFC722506830000E0A336 /* PopAnimator.swift in Sources */ = {isa = PBXBuildFile; fileRef = A9EAFC712506830000E0A336 /* PopAnimator.swift */; };
		A9EAFC74250685AC00E0A336 /* ImageViewerPresenter.swift in Sources */ = {isa = PBXBuildFile; fileRef = A9EAFC73250685AC00E0A336 /* ImageViewerPresenter.swift */; };
		A9EAFC762506884600E0A336 /* UIApplication + UIViewController.swift in Sources */ = {isa = PBXBuildFile; fileRef = A9EAFC752506884600E0A336 /* UIApplication + UIViewController.swift */; };
		A9EAFC792506986300E0A336 /* PhotoGalleryViewController.swift in Sources */ = {isa = PBXBuildFile; fileRef = A9EAFC782506986300E0A336 /* PhotoGalleryViewController.swift */; };
		A9EAFC7B2506987500E0A336 /* PhotoGalleryView.swift in Sources */ = {isa = PBXBuildFile; fileRef = A9EAFC7A2506987500E0A336 /* PhotoGalleryView.swift */; };
		A9EAFC7D2506988500E0A336 /* PhotoGalleryCoordinator.swift in Sources */ = {isa = PBXBuildFile; fileRef = A9EAFC7C2506988500E0A336 /* PhotoGalleryCoordinator.swift */; };
		A9EAFC7F2506989800E0A336 /* PhotoGalleryPresenter.swift in Sources */ = {isa = PBXBuildFile; fileRef = A9EAFC7E2506989800E0A336 /* PhotoGalleryPresenter.swift */; };
		A9EAFC8225069A5700E0A336 /* PhotoGalleryViewCell.swift in Sources */ = {isa = PBXBuildFile; fileRef = A9EAFC8125069A5700E0A336 /* PhotoGalleryViewCell.swift */; };
		A9EAFC8425069A6900E0A336 /* PhotoGalleryViewCell.xib in Resources */ = {isa = PBXBuildFile; fileRef = A9EAFC8325069A6900E0A336 /* PhotoGalleryViewCell.xib */; };
/* End PBXBuildFile section */

/* Begin PBXFileReference section */
		A9202A642500CCA600477B14 /* UnsplashServerRos.app */ = {isa = PBXFileReference; explicitFileType = wrapper.application; includeInIndex = 0; path = UnsplashServerRos.app; sourceTree = BUILT_PRODUCTS_DIR; };
		A9202A672500CCA600477B14 /* AppDelegate.swift */ = {isa = PBXFileReference; lastKnownFileType = sourcecode.swift; path = AppDelegate.swift; sourceTree = "<group>"; };
		A9202A692500CCA600477B14 /* SceneDelegate.swift */ = {isa = PBXFileReference; lastKnownFileType = sourcecode.swift; path = SceneDelegate.swift; sourceTree = "<group>"; };
		A9202A6B2500CCA600477B14 /* MainViewController.swift */ = {isa = PBXFileReference; lastKnownFileType = sourcecode.swift; path = MainViewController.swift; sourceTree = "<group>"; };
		A9202A712500CCA600477B14 /* UnsplashServerRos.xcdatamodel */ = {isa = PBXFileReference; lastKnownFileType = wrapper.xcdatamodel; path = UnsplashServerRos.xcdatamodel; sourceTree = "<group>"; };
		A9202A732500CCA700477B14 /* Assets.xcassets */ = {isa = PBXFileReference; lastKnownFileType = folder.assetcatalog; path = Assets.xcassets; sourceTree = "<group>"; };
		A9202A762500CCA700477B14 /* Base */ = {isa = PBXFileReference; lastKnownFileType = file.storyboard; name = Base; path = Base.lproj/LaunchScreen.storyboard; sourceTree = "<group>"; };
		A9202A782500CCA700477B14 /* Info.plist */ = {isa = PBXFileReference; lastKnownFileType = text.plist.xml; path = Info.plist; sourceTree = "<group>"; };
		A9202A7F2500CD9600477B14 /* AppCoordinator.swift */ = {isa = PBXFileReference; lastKnownFileType = sourcecode.swift; path = AppCoordinator.swift; sourceTree = "<group>"; };
		A9202A822500CDCF00477B14 /* BaseCoordinator.swift */ = {isa = PBXFileReference; lastKnownFileType = sourcecode.swift; path = BaseCoordinator.swift; sourceTree = "<group>"; };
		A9202A882500CF7F00477B14 /* MainView.swift */ = {isa = PBXFileReference; lastKnownFileType = sourcecode.swift; path = MainView.swift; sourceTree = "<group>"; };
		A9202A8A2500CFF300477B14 /* MainCoordinator.swift */ = {isa = PBXFileReference; lastKnownFileType = sourcecode.swift; path = MainCoordinator.swift; sourceTree = "<group>"; };
		A9202A8C2500D01200477B14 /* MainPresenter.swift */ = {isa = PBXFileReference; lastKnownFileType = sourcecode.swift; path = MainPresenter.swift; sourceTree = "<group>"; };
		A9202A962500DEF600477B14 /* Picture.swift */ = {isa = PBXFileReference; lastKnownFileType = sourcecode.swift; path = Picture.swift; sourceTree = "<group>"; };
		A9202A982500E03300477B14 /* MainCollectionViewCell.swift */ = {isa = PBXFileReference; lastKnownFileType = sourcecode.swift; path = MainCollectionViewCell.swift; sourceTree = "<group>"; };
		A9202A9B2500E04F00477B14 /* MainCollectionViewCell.xib */ = {isa = PBXFileReference; lastKnownFileType = file.xib; path = MainCollectionViewCell.xib; sourceTree = "<group>"; };
		A9202AA425010D7C00477B14 /* UnsplashServer.swift */ = {isa = PBXFileReference; lastKnownFileType = sourcecode.swift; path = UnsplashServer.swift; sourceTree = "<group>"; };
		A9202AAA250223FE00477B14 /* LocalViewController.swift */ = {isa = PBXFileReference; lastKnownFileType = sourcecode.swift; path = LocalViewController.swift; sourceTree = "<group>"; };
		A9202AAC2502240900477B14 /* LocalView.swift */ = {isa = PBXFileReference; lastKnownFileType = sourcecode.swift; path = LocalView.swift; sourceTree = "<group>"; };
		A9202AAE2502241C00477B14 /* LocalCoordinator.swift */ = {isa = PBXFileReference; lastKnownFileType = sourcecode.swift; path = LocalCoordinator.swift; sourceTree = "<group>"; };
		A9202AB02502242900477B14 /* LocalPresenter.swift */ = {isa = PBXFileReference; lastKnownFileType = sourcecode.swift; path = LocalPresenter.swift; sourceTree = "<group>"; };
		A9202AB625023ED600477B14 /* UIColor + customColor.swift */ = {isa = PBXFileReference; lastKnownFileType = sourcecode.swift; path = "UIColor + customColor.swift"; sourceTree = "<group>"; };
		A9202AB82502474100477B14 /* DataProvider.swift */ = {isa = PBXFileReference; lastKnownFileType = sourcecode.swift; path = DataProvider.swift; sourceTree = "<group>"; };
		A943AFB82504D3EF00BCBED1 /* LocalColletionViewCell.swift */ = {isa = PBXFileReference; lastKnownFileType = sourcecode.swift; path = LocalColletionViewCell.swift; sourceTree = "<group>"; };
		A943AFBA2504D3FD00BCBED1 /* LocalCollectionViewCell.xib */ = {isa = PBXFileReference; lastKnownFileType = file.xib; path = LocalCollectionViewCell.xib; sourceTree = "<group>"; };
		A9EAFC712506830000E0A336 /* PopAnimator.swift */ = {isa = PBXFileReference; lastKnownFileType = sourcecode.swift; path = PopAnimator.swift; sourceTree = "<group>"; };
		A9EAFC73250685AC00E0A336 /* ImageViewerPresenter.swift */ = {isa = PBXFileReference; lastKnownFileType = sourcecode.swift; path = ImageViewerPresenter.swift; sourceTree = "<group>"; };
		A9EAFC752506884600E0A336 /* UIApplication + UIViewController.swift */ = {isa = PBXFileReference; lastKnownFileType = sourcecode.swift; path = "UIApplication + UIViewController.swift"; sourceTree = "<group>"; };
		A9EAFC782506986300E0A336 /* PhotoGalleryViewController.swift */ = {isa = PBXFileReference; lastKnownFileType = sourcecode.swift; path = PhotoGalleryViewController.swift; sourceTree = "<group>"; };
		A9EAFC7A2506987500E0A336 /* PhotoGalleryView.swift */ = {isa = PBXFileReference; lastKnownFileType = sourcecode.swift; path = PhotoGalleryView.swift; sourceTree = "<group>"; };
		A9EAFC7C2506988500E0A336 /* PhotoGalleryCoordinator.swift */ = {isa = PBXFileReference; lastKnownFileType = sourcecode.swift; path = PhotoGalleryCoordinator.swift; sourceTree = "<group>"; };
		A9EAFC7E2506989800E0A336 /* PhotoGalleryPresenter.swift */ = {isa = PBXFileReference; lastKnownFileType = sourcecode.swift; path = PhotoGalleryPresenter.swift; sourceTree = "<group>"; };
		A9EAFC8125069A5700E0A336 /* PhotoGalleryViewCell.swift */ = {isa = PBXFileReference; lastKnownFileType = sourcecode.swift; path = PhotoGalleryViewCell.swift; sourceTree = "<group>"; };
		A9EAFC8325069A6900E0A336 /* PhotoGalleryViewCell.xib */ = {isa = PBXFileReference; lastKnownFileType = file.xib; path = PhotoGalleryViewCell.xib; sourceTree = "<group>"; };
/* End PBXFileReference section */

/* Begin PBXFrameworksBuildPhase section */
		A9202A612500CCA600477B14 /* Frameworks */ = {
			isa = PBXFrameworksBuildPhase;
			buildActionMask = 2147483647;
			files = (
			);
			runOnlyForDeploymentPostprocessing = 0;
		};
/* End PBXFrameworksBuildPhase section */

/* Begin PBXGroup section */
		A9202A5B2500CCA600477B14 = {
			isa = PBXGroup;
			children = (
				A9202A662500CCA600477B14 /* UnsplashServerRos */,
				A9202A652500CCA600477B14 /* Products */,
			);
			sourceTree = "<group>";
		};
		A9202A652500CCA600477B14 /* Products */ = {
			isa = PBXGroup;
			children = (
				A9202A642500CCA600477B14 /* UnsplashServerRos.app */,
			);
			name = Products;
			sourceTree = "<group>";
		};
		A9202A662500CCA600477B14 /* UnsplashServerRos */ = {
			isa = PBXGroup;
			children = (
				A9202A7E2500CCC100477B14 /* Application */,
				A9202A812500CDC100477B14 /* Base */,
				A9202A952500DEDB00477B14 /* Model */,
				A9202AA325010D2500477B14 /* UnsplashServer */,
				A9202A842500CE8100477B14 /* Screens */,
				A9202A752500CCA700477B14 /* LaunchScreen.storyboard */,
				A9202A872500CF0900477B14 /* Resources */,
				A9202A702500CCA600477B14 /* UnsplashServerRos.xcdatamodeld */,
			);
			path = UnsplashServerRos;
			sourceTree = "<group>";
		};
		A9202A7E2500CCC100477B14 /* Application */ = {
			isa = PBXGroup;
			children = (
				A9202A672500CCA600477B14 /* AppDelegate.swift */,
				A9202A692500CCA600477B14 /* SceneDelegate.swift */,
				A9202A7F2500CD9600477B14 /* AppCoordinator.swift */,
			);
			path = Application;
			sourceTree = "<group>";
		};
		A9202A812500CDC100477B14 /* Base */ = {
			isa = PBXGroup;
			children = (
				A9EAFC70250682CC00E0A336 /* Animations */,
				A9202A822500CDCF00477B14 /* BaseCoordinator.swift */,
				A9202A9D2501065400477B14 /* Extenstions */,
			);
			path = Base;
			sourceTree = "<group>";
		};
		A9202A842500CE8100477B14 /* Screens */ = {
			isa = PBXGroup;
			children = (
				A9EAFC772506983D00E0A336 /* PhotoGalleryScreen */,
				A9202A862500CED900477B14 /* SecondScreen */,
				A9202A852500CEC300477B14 /* MainScreen */,
			);
			path = Screens;
			sourceTree = "<group>";
		};
		A9202A852500CEC300477B14 /* MainScreen */ = {
			isa = PBXGroup;
			children = (
				A9202A9A2500E03700477B14 /* CollectionCell */,
				A9202A6B2500CCA600477B14 /* MainViewController.swift */,
				A9202A882500CF7F00477B14 /* MainView.swift */,
				A9202A8A2500CFF300477B14 /* MainCoordinator.swift */,
				A9202A8C2500D01200477B14 /* MainPresenter.swift */,
			);
			path = MainScreen;
			sourceTree = "<group>";
		};
		A9202A862500CED900477B14 /* SecondScreen */ = {
			isa = PBXGroup;
			children = (
				A943AFB72504D3D100BCBED1 /* LocalCollectionViewCell */,
				A9202AAA250223FE00477B14 /* LocalViewController.swift */,
				A9202AAC2502240900477B14 /* LocalView.swift */,
				A9202AAE2502241C00477B14 /* LocalCoordinator.swift */,
				A9202AB02502242900477B14 /* LocalPresenter.swift */,
			);
			path = SecondScreen;
			sourceTree = "<group>";
		};
		A9202A872500CF0900477B14 /* Resources */ = {
			isa = PBXGroup;
			children = (
				A9202A782500CCA700477B14 /* Info.plist */,
				A9202A732500CCA700477B14 /* Assets.xcassets */,
			);
			path = Resources;
			sourceTree = "<group>";
		};
		A9202A952500DEDB00477B14 /* Model */ = {
			isa = PBXGroup;
			children = (
				A9202A962500DEF600477B14 /* Picture.swift */,
			);
			path = Model;
			sourceTree = "<group>";
		};
		A9202A9A2500E03700477B14 /* CollectionCell */ = {
			isa = PBXGroup;
			children = (
				A9202A982500E03300477B14 /* MainCollectionViewCell.swift */,
				A9202A9B2500E04F00477B14 /* MainCollectionViewCell.xib */,
			);
			path = CollectionCell;
			sourceTree = "<group>";
		};
		A9202A9D2501065400477B14 /* Extenstions */ = {
			isa = PBXGroup;
			children = (
				A9202AB625023ED600477B14 /* UIColor + customColor.swift */,
				A9EAFC752506884600E0A336 /* UIApplication + UIViewController.swift */,
			);
			path = Extenstions;
			sourceTree = "<group>";
		};
		A9202AA325010D2500477B14 /* UnsplashServer */ = {
			isa = PBXGroup;
			children = (
				A9202AA425010D7C00477B14 /* UnsplashServer.swift */,
				A9202AB82502474100477B14 /* DataProvider.swift */,
			);
			path = UnsplashServer;
			sourceTree = "<group>";
		};
		A943AFB72504D3D100BCBED1 /* LocalCollectionViewCell */ = {
			isa = PBXGroup;
			children = (
				A943AFB82504D3EF00BCBED1 /* LocalColletionViewCell.swift */,
				A943AFBA2504D3FD00BCBED1 /* LocalCollectionViewCell.xib */,
			);
			path = LocalCollectionViewCell;
			sourceTree = "<group>";
		};
		A9EAFC70250682CC00E0A336 /* Animations */ = {
			isa = PBXGroup;
			children = (
				A9EAFC712506830000E0A336 /* PopAnimator.swift */,
				A9EAFC73250685AC00E0A336 /* ImageViewerPresenter.swift */,
			);
			path = Animations;
			sourceTree = "<group>";
		};
		A9EAFC772506983D00E0A336 /* PhotoGalleryScreen */ = {
			isa = PBXGroup;
			children = (
				A9EAFC8025069A4000E0A336 /* PhotoGalleryViewCell */,
				A9EAFC782506986300E0A336 /* PhotoGalleryViewController.swift */,
				A9EAFC7A2506987500E0A336 /* PhotoGalleryView.swift */,
				A9EAFC7C2506988500E0A336 /* PhotoGalleryCoordinator.swift */,
				A9EAFC7E2506989800E0A336 /* PhotoGalleryPresenter.swift */,
			);
			path = PhotoGalleryScreen;
			sourceTree = "<group>";
		};
		A9EAFC8025069A4000E0A336 /* PhotoGalleryViewCell */ = {
			isa = PBXGroup;
			children = (
				A9EAFC8125069A5700E0A336 /* PhotoGalleryViewCell.swift */,
				A9EAFC8325069A6900E0A336 /* PhotoGalleryViewCell.xib */,
			);
			path = PhotoGalleryViewCell;
			sourceTree = "<group>";
		};
/* End PBXGroup section */

/* Begin PBXNativeTarget section */
		A9202A632500CCA600477B14 /* UnsplashServerRos */ = {
			isa = PBXNativeTarget;
			buildConfigurationList = A9202A7B2500CCA700477B14 /* Build configuration list for PBXNativeTarget "UnsplashServerRos" */;
			buildPhases = (
				A9202A602500CCA600477B14 /* Sources */,
				A9202A612500CCA600477B14 /* Frameworks */,
				A9202A622500CCA600477B14 /* Resources */,
			);
			buildRules = (
			);
			dependencies = (
			);
			name = UnsplashServerRos;
			productName = UnsplashServerRos;
			productReference = A9202A642500CCA600477B14 /* UnsplashServerRos.app */;
			productType = "com.apple.product-type.application";
		};
/* End PBXNativeTarget section */

/* Begin PBXProject section */
		A9202A5C2500CCA600477B14 /* Project object */ = {
			isa = PBXProject;
			attributes = {
				LastSwiftUpdateCheck = 1160;
				LastUpgradeCheck = 1160;
				ORGANIZATIONNAME = "Евгений Шварцкопф";
				TargetAttributes = {
					A9202A632500CCA600477B14 = {
						CreatedOnToolsVersion = 11.6;
					};
				};
			};
			buildConfigurationList = A9202A5F2500CCA600477B14 /* Build configuration list for PBXProject "UnsplashServerRos" */;
			compatibilityVersion = "Xcode 9.3";
			developmentRegion = en;
			hasScannedForEncodings = 0;
			knownRegions = (
				en,
				Base,
			);
			mainGroup = A9202A5B2500CCA600477B14;
			productRefGroup = A9202A652500CCA600477B14 /* Products */;
			projectDirPath = "";
			projectRoot = "";
			targets = (
				A9202A632500CCA600477B14 /* UnsplashServerRos */,
			);
		};
/* End PBXProject section */

/* Begin PBXResourcesBuildPhase section */
		A9202A622500CCA600477B14 /* Resources */ = {
			isa = PBXResourcesBuildPhase;
			buildActionMask = 2147483647;
			files = (
				A9EAFC8425069A6900E0A336 /* PhotoGalleryViewCell.xib in Resources */,
				A9202A772500CCA700477B14 /* LaunchScreen.storyboard in Resources */,
				A9202A742500CCA700477B14 /* Assets.xcassets in Resources */,
				A9202A9C2500E04F00477B14 /* MainCollectionViewCell.xib in Resources */,
				A943AFBB2504D3FD00BCBED1 /* LocalCollectionViewCell.xib in Resources */,
			);
			runOnlyForDeploymentPostprocessing = 0;
		};
/* End PBXResourcesBuildPhase section */

/* Begin PBXSourcesBuildPhase section */
		A9202A602500CCA600477B14 /* Sources */ = {
			isa = PBXSourcesBuildPhase;
			buildActionMask = 2147483647;
			files = (
				A9202AAD2502240900477B14 /* LocalView.swift in Sources */,
				A9202AAB250223FE00477B14 /* LocalViewController.swift in Sources */,
				A9202AB92502474100477B14 /* DataProvider.swift in Sources */,
				A9202A8B2500CFF300477B14 /* MainCoordinator.swift in Sources */,
				A9202A6C2500CCA600477B14 /* MainViewController.swift in Sources */,
				A9202A892500CF7F00477B14 /* MainView.swift in Sources */,
				A9EAFC7B2506987500E0A336 /* PhotoGalleryView.swift in Sources */,
				A9EAFC792506986300E0A336 /* PhotoGalleryViewController.swift in Sources */,
				A943AFB92504D3EF00BCBED1 /* LocalColletionViewCell.swift in Sources */,
				A9EAFC762506884600E0A336 /* UIApplication + UIViewController.swift in Sources */,
				A9EAFC722506830000E0A336 /* PopAnimator.swift in Sources */,
				A9EAFC8225069A5700E0A336 /* PhotoGalleryViewCell.swift in Sources */,
				A9202A832500CDCF00477B14 /* BaseCoordinator.swift in Sources */,
				A9202AA525010D7C00477B14 /* UnsplashServer.swift in Sources */,
				A9202A682500CCA600477B14 /* AppDelegate.swift in Sources */,
				A9202A802500CD9600477B14 /* AppCoordinator.swift in Sources */,
				A9202A992500E03300477B14 /* MainCollectionViewCell.swift in Sources */,
				A9202AB12502242900477B14 /* LocalPresenter.swift in Sources */,
				A9EAFC74250685AC00E0A336 /* ImageViewerPresenter.swift in Sources */,
				A9202A6A2500CCA600477B14 /* SceneDelegate.swift in Sources */,
				A9202A722500CCA600477B14 /* UnsplashServerRos.xcdatamodeld in Sources */,
				A9202AB725023ED600477B14 /* UIColor + customColor.swift in Sources */,
				A9EAFC7D2506988500E0A336 /* PhotoGalleryCoordinator.swift in Sources */,
				A9202AAF2502241C00477B14 /* LocalCoordinator.swift in Sources */,
				A9202A972500DEF600477B14 /* Picture.swift in Sources */,
				A9EAFC7F2506989800E0A336 /* PhotoGalleryPresenter.swift in Sources */,
				A9202A8D2500D01200477B14 /* MainPresenter.swift in Sources */,
			);
			runOnlyForDeploymentPostprocessing = 0;
		};
/* End PBXSourcesBuildPhase section */

/* Begin PBXVariantGroup section */
		A9202A752500CCA700477B14 /* LaunchScreen.storyboard */ = {
			isa = PBXVariantGroup;
			children = (
				A9202A762500CCA700477B14 /* Base */,
			);
			name = LaunchScreen.storyboard;
			sourceTree = "<group>";
		};
/* End PBXVariantGroup section */

/* Begin XCBuildConfiguration section */
		A9202A792500CCA700477B14 /* Debug */ = {
			isa = XCBuildConfiguration;
			buildSettings = {
				ALWAYS_SEARCH_USER_PATHS = NO;
				CLANG_ANALYZER_NONNULL = YES;
				CLANG_ANALYZER_NUMBER_OBJECT_CONVERSION = YES_AGGRESSIVE;
				CLANG_CXX_LANGUAGE_STANDARD = "gnu++14";
				CLANG_CXX_LIBRARY = "libc++";
				CLANG_ENABLE_MODULES = YES;
				CLANG_ENABLE_OBJC_ARC = YES;
				CLANG_ENABLE_OBJC_WEAK = YES;
				CLANG_WARN_BLOCK_CAPTURE_AUTORELEASING = YES;
				CLANG_WARN_BOOL_CONVERSION = YES;
				CLANG_WARN_COMMA = YES;
				CLANG_WARN_CONSTANT_CONVERSION = YES;
				CLANG_WARN_DEPRECATED_OBJC_IMPLEMENTATIONS = YES;
				CLANG_WARN_DIRECT_OBJC_ISA_USAGE = YES_ERROR;
				CLANG_WARN_DOCUMENTATION_COMMENTS = YES;
				CLANG_WARN_EMPTY_BODY = YES;
				CLANG_WARN_ENUM_CONVERSION = YES;
				CLANG_WARN_INFINITE_RECURSION = YES;
				CLANG_WARN_INT_CONVERSION = YES;
				CLANG_WARN_NON_LITERAL_NULL_CONVERSION = YES;
				CLANG_WARN_OBJC_IMPLICIT_RETAIN_SELF = YES;
				CLANG_WARN_OBJC_LITERAL_CONVERSION = YES;
				CLANG_WARN_OBJC_ROOT_CLASS = YES_ERROR;
				CLANG_WARN_RANGE_LOOP_ANALYSIS = YES;
				CLANG_WARN_STRICT_PROTOTYPES = YES;
				CLANG_WARN_SUSPICIOUS_MOVE = YES;
				CLANG_WARN_UNGUARDED_AVAILABILITY = YES_AGGRESSIVE;
				CLANG_WARN_UNREACHABLE_CODE = YES;
				CLANG_WARN__DUPLICATE_METHOD_MATCH = YES;
				COPY_PHASE_STRIP = NO;
				DEBUG_INFORMATION_FORMAT = dwarf;
				ENABLE_STRICT_OBJC_MSGSEND = YES;
				ENABLE_TESTABILITY = YES;
				GCC_C_LANGUAGE_STANDARD = gnu11;
				GCC_DYNAMIC_NO_PIC = NO;
				GCC_NO_COMMON_BLOCKS = YES;
				GCC_OPTIMIZATION_LEVEL = 0;
				GCC_PREPROCESSOR_DEFINITIONS = (
					"DEBUG=1",
					"$(inherited)",
				);
				GCC_WARN_64_TO_32_BIT_CONVERSION = YES;
				GCC_WARN_ABOUT_RETURN_TYPE = YES_ERROR;
				GCC_WARN_UNDECLARED_SELECTOR = YES;
				GCC_WARN_UNINITIALIZED_AUTOS = YES_AGGRESSIVE;
				GCC_WARN_UNUSED_FUNCTION = YES;
				GCC_WARN_UNUSED_VARIABLE = YES;
				IPHONEOS_DEPLOYMENT_TARGET = 13.6;
				MTL_ENABLE_DEBUG_INFO = INCLUDE_SOURCE;
				MTL_FAST_MATH = YES;
				ONLY_ACTIVE_ARCH = YES;
				SDKROOT = iphoneos;
				SWIFT_ACTIVE_COMPILATION_CONDITIONS = DEBUG;
				SWIFT_OPTIMIZATION_LEVEL = "-Onone";
			};
			name = Debug;
		};
		A9202A7A2500CCA700477B14 /* Release */ = {
			isa = XCBuildConfiguration;
			buildSettings = {
				ALWAYS_SEARCH_USER_PATHS = NO;
				CLANG_ANALYZER_NONNULL = YES;
				CLANG_ANALYZER_NUMBER_OBJECT_CONVERSION = YES_AGGRESSIVE;
				CLANG_CXX_LANGUAGE_STANDARD = "gnu++14";
				CLANG_CXX_LIBRARY = "libc++";
				CLANG_ENABLE_MODULES = YES;
				CLANG_ENABLE_OBJC_ARC = YES;
				CLANG_ENABLE_OBJC_WEAK = YES;
				CLANG_WARN_BLOCK_CAPTURE_AUTORELEASING = YES;
				CLANG_WARN_BOOL_CONVERSION = YES;
				CLANG_WARN_COMMA = YES;
				CLANG_WARN_CONSTANT_CONVERSION = YES;
				CLANG_WARN_DEPRECATED_OBJC_IMPLEMENTATIONS = YES;
				CLANG_WARN_DIRECT_OBJC_ISA_USAGE = YES_ERROR;
				CLANG_WARN_DOCUMENTATION_COMMENTS = YES;
				CLANG_WARN_EMPTY_BODY = YES;
				CLANG_WARN_ENUM_CONVERSION = YES;
				CLANG_WARN_INFINITE_RECURSION = YES;
				CLANG_WARN_INT_CONVERSION = YES;
				CLANG_WARN_NON_LITERAL_NULL_CONVERSION = YES;
				CLANG_WARN_OBJC_IMPLICIT_RETAIN_SELF = YES;
				CLANG_WARN_OBJC_LITERAL_CONVERSION = YES;
				CLANG_WARN_OBJC_ROOT_CLASS = YES_ERROR;
				CLANG_WARN_RANGE_LOOP_ANALYSIS = YES;
				CLANG_WARN_STRICT_PROTOTYPES = YES;
				CLANG_WARN_SUSPICIOUS_MOVE = YES;
				CLANG_WARN_UNGUARDED_AVAILABILITY = YES_AGGRESSIVE;
				CLANG_WARN_UNREACHABLE_CODE = YES;
				CLANG_WARN__DUPLICATE_METHOD_MATCH = YES;
				COPY_PHASE_STRIP = NO;
				DEBUG_INFORMATION_FORMAT = "dwarf-with-dsym";
				ENABLE_NS_ASSERTIONS = NO;
				ENABLE_STRICT_OBJC_MSGSEND = YES;
				GCC_C_LANGUAGE_STANDARD = gnu11;
				GCC_NO_COMMON_BLOCKS = YES;
				GCC_WARN_64_TO_32_BIT_CONVERSION = YES;
				GCC_WARN_ABOUT_RETURN_TYPE = YES_ERROR;
				GCC_WARN_UNDECLARED_SELECTOR = YES;
				GCC_WARN_UNINITIALIZED_AUTOS = YES_AGGRESSIVE;
				GCC_WARN_UNUSED_FUNCTION = YES;
				GCC_WARN_UNUSED_VARIABLE = YES;
				IPHONEOS_DEPLOYMENT_TARGET = 13.6;
				MTL_ENABLE_DEBUG_INFO = NO;
				MTL_FAST_MATH = YES;
				SDKROOT = iphoneos;
				SWIFT_COMPILATION_MODE = wholemodule;
				SWIFT_OPTIMIZATION_LEVEL = "-O";
				VALIDATE_PRODUCT = YES;
			};
			name = Release;
		};
		A9202A7C2500CCA700477B14 /* Debug */ = {
			isa = XCBuildConfiguration;
			buildSettings = {
				ASSETCATALOG_COMPILER_APPICON_NAME = AppIcon;
				CODE_SIGN_STYLE = Automatic;
				DEVELOPMENT_TEAM = VN9M394Q5K;
				INFOPLIST_FILE = "$(SRCROOT)/UnsplashServerRos/Resources/Info.plist";
				LD_RUNPATH_SEARCH_PATHS = (
					"$(inherited)",
					"@executable_path/Frameworks",
				);
				PRODUCT_BUNDLE_IDENTIFIER = johnu.UnsplashServerRos;
				PRODUCT_NAME = "$(TARGET_NAME)";
				SWIFT_VERSION = 5.0;
				TARGETED_DEVICE_FAMILY = "1,2";
			};
			name = Debug;
		};
		A9202A7D2500CCA700477B14 /* Release */ = {
			isa = XCBuildConfiguration;
			buildSettings = {
				ASSETCATALOG_COMPILER_APPICON_NAME = AppIcon;
				CODE_SIGN_STYLE = Automatic;
				DEVELOPMENT_TEAM = VN9M394Q5K;
				INFOPLIST_FILE = "$(SRCROOT)/UnsplashServerRos/Resources/Info.plist";
				LD_RUNPATH_SEARCH_PATHS = (
					"$(inherited)",
					"@executable_path/Frameworks",
				);
				PRODUCT_BUNDLE_IDENTIFIER = johnu.UnsplashServerRos;
				PRODUCT_NAME = "$(TARGET_NAME)";
				SWIFT_VERSION = 5.0;
				TARGETED_DEVICE_FAMILY = "1,2";
			};
			name = Release;
		};
/* End XCBuildConfiguration section */

/* Begin XCConfigurationList section */
		A9202A5F2500CCA600477B14 /* Build configuration list for PBXProject "UnsplashServerRos" */ = {
			isa = XCConfigurationList;
			buildConfigurations = (
				A9202A792500CCA700477B14 /* Debug */,
				A9202A7A2500CCA700477B14 /* Release */,
			);
			defaultConfigurationIsVisible = 0;
			defaultConfigurationName = Release;
		};
		A9202A7B2500CCA700477B14 /* Build configuration list for PBXNativeTarget "UnsplashServerRos" */ = {
			isa = XCConfigurationList;
			buildConfigurations = (
				A9202A7C2500CCA700477B14 /* Debug */,
				A9202A7D2500CCA700477B14 /* Release */,
			);
			defaultConfigurationIsVisible = 0;
			defaultConfigurationName = Release;
		};
/* End XCConfigurationList section */

/* Begin XCVersionGroup section */
		A9202A702500CCA600477B14 /* UnsplashServerRos.xcdatamodeld */ = {
			isa = XCVersionGroup;
			children = (
				A9202A712500CCA600477B14 /* UnsplashServerRos.xcdatamodel */,
			);
			currentVersion = A9202A712500CCA600477B14 /* UnsplashServerRos.xcdatamodel */;
			path = UnsplashServerRos.xcdatamodeld;
			sourceTree = "<group>";
			versionGroupType = wrapper.xcdatamodel;
		};
/* End XCVersionGroup section */
	};
	rootObject = A9202A5C2500CCA600477B14 /* Project object */;
}
